// !$*UTF8*$!
{
	archiveVersion = 1;
	classes = {
	};
	objectVersion = 51;
	objects = {

/* Begin PBXBuildFile section */
		10C064E4137D08C52D67744C /* Pods_Stamps.framework in Frameworks */ = {isa = PBXBuildFile; fileRef = 4A714EF59D30C4CA807F11F8 /* Pods_Stamps.framework */; };
		16EB5BA384F43E596D04925A /* Pods_StampsTests.framework in Frameworks */ = {isa = PBXBuildFile; fileRef = A6CA3A32C9194A3684D1D5F8 /* Pods_StampsTests.framework */; };
		351CA57D26807C31006ABAC2 /* SettingsViewModel.swift in Sources */ = {isa = PBXBuildFile; fileRef = 351CA57C26807C31006ABAC2 /* SettingsViewModel.swift */; };
		351CA57F26807CBE006ABAC2 /* LogOutApi.swift in Sources */ = {isa = PBXBuildFile; fileRef = 351CA57E26807CBE006ABAC2 /* LogOutApi.swift */; };
		351CA582268080EB006ABAC2 /* SettingsView.swift in Sources */ = {isa = PBXBuildFile; fileRef = 351CA581268080EB006ABAC2 /* SettingsView.swift */; };
		352288452650BFAE00BD1DFD /* CardListview.swift in Sources */ = {isa = PBXBuildFile; fileRef = 352288442650BFAE00BD1DFD /* CardListview.swift */; };
		352288472650BFC500BD1DFD /* CardListViewModel.swift in Sources */ = {isa = PBXBuildFile; fileRef = 352288462650BFC500BD1DFD /* CardListViewModel.swift */; };
		357AAA6A26A2577E00C403D7 /* SignUpUnitTests.swift in Sources */ = {isa = PBXBuildFile; fileRef = 357AAA6926A2577E00C403D7 /* SignUpUnitTests.swift */; };
		3584F9D02661AA5900146AC3 /* StampsAPI.swift in Sources */ = {isa = PBXBuildFile; fileRef = 3584F9CF2661AA5900146AC3 /* StampsAPI.swift */; };
		35874BF62678897000B58D4C /* Icon.swift in Sources */ = {isa = PBXBuildFile; fileRef = 35874BF52678897000B58D4C /* Icon.swift */; };
		3596620B2653DA6E003D3323 /* QRCodeScanningView.swift in Sources */ = {isa = PBXBuildFile; fileRef = 3596620A2653DA6E003D3323 /* QRCodeScanningView.swift */; };
		3596620D2653E10C003D3323 /* QRCodeScanningViewSwiftUI.swift in Sources */ = {isa = PBXBuildFile; fileRef = 3596620C2653E10C003D3323 /* QRCodeScanningViewSwiftUI.swift */; };
		35CEA0FA265BB44500FFF9DE /* GoogleService-Info.plist in Resources */ = {isa = PBXBuildFile; fileRef = 35CEA0F9265BB44500FFF9DE /* GoogleService-Info.plist */; };
		35FB33FD264F450300CCB847 /* ReduxStore.swift in Sources */ = {isa = PBXBuildFile; fileRef = 35FB33FC264F450300CCB847 /* ReduxStore.swift */; };
		35FB33FF264F45FF00CCB847 /* CardData.swift in Sources */ = {isa = PBXBuildFile; fileRef = 35FB33FE264F45FF00CCB847 /* CardData.swift */; };
		41249C1A263BD37F00BF3D2C /* StampsApp.swift in Sources */ = {isa = PBXBuildFile; fileRef = 41249C19263BD37F00BF3D2C /* StampsApp.swift */; };
		41249C1C263BD37F00BF3D2C /* LogInView.swift in Sources */ = {isa = PBXBuildFile; fileRef = 41249C1B263BD37F00BF3D2C /* LogInView.swift */; };
		41249C21263BD38200BF3D2C /* Preview Assets.xcassets in Resources */ = {isa = PBXBuildFile; fileRef = 41249C20263BD38200BF3D2C /* Preview Assets.xcassets */; };
		41249C2C263BD38300BF3D2C /* StampsTests.swift in Sources */ = {isa = PBXBuildFile; fileRef = 41249C2B263BD38300BF3D2C /* StampsTests.swift */; };
		41249C37263BD38300BF3D2C /* StampsUITests.swift in Sources */ = {isa = PBXBuildFile; fileRef = 41249C36263BD38300BF3D2C /* StampsUITests.swift */; };
		41249C4D263BD47000BF3D2C /* LogInViewModel.swift in Sources */ = {isa = PBXBuildFile; fileRef = 41249C4C263BD47000BF3D2C /* LogInViewModel.swift */; };
		41249C52263BD49000BF3D2C /* LogInUinitTests.swift in Sources */ = {isa = PBXBuildFile; fileRef = 41249C51263BD49000BF3D2C /* LogInUinitTests.swift */; };
		41249C63263BD52200BF3D2C /* LogInUITests.swift in Sources */ = {isa = PBXBuildFile; fileRef = 41249C62263BD52200BF3D2C /* LogInUITests.swift */; };
		41249C6C263BD5D200BF3D2C /* CardViewModel.swift in Sources */ = {isa = PBXBuildFile; fileRef = 41249C6B263BD5D200BF3D2C /* CardViewModel.swift */; };
		41249C72263BD60E00BF3D2C /* CustomerStampUITests.swift in Sources */ = {isa = PBXBuildFile; fileRef = 41249C71263BD60E00BF3D2C /* CustomerStampUITests.swift */; };
		41249C7A263BD63500BF3D2C /* CustomerStampUnittests.swift in Sources */ = {isa = PBXBuildFile; fileRef = 41249C79263BD63500BF3D2C /* CustomerStampUnittests.swift */; };
		41249C82263BD68C00BF3D2C /* CardView.swift in Sources */ = {isa = PBXBuildFile; fileRef = 41249C81263BD68B00BF3D2C /* CardView.swift */; };
		4143AA6F2643C8B200DCC6D7 /* SignUpViewModel.swift in Sources */ = {isa = PBXBuildFile; fileRef = 4143AA6E2643C8B200DCC6D7 /* SignUpViewModel.swift */; };
		4143AA782643C9B900DCC6D7 /* CustomTextField.swift in Sources */ = {isa = PBXBuildFile; fileRef = 4143AA772643C9B900DCC6D7 /* CustomTextField.swift */; };
		4143AA832643D9E800DCC6D7 /* Assets.xcassets in Resources */ = {isa = PBXBuildFile; fileRef = 4143AA822643D9E800DCC6D7 /* Assets.xcassets */; };
		417912842640A7F500BDAD3C /* Color.xcassets in Resources */ = {isa = PBXBuildFile; fileRef = 417912832640A7F500BDAD3C /* Color.xcassets */; };
		417912892640ACCF00BDAD3C /* Color+Custom.swift in Sources */ = {isa = PBXBuildFile; fileRef = 417912882640ACCF00BDAD3C /* Color+Custom.swift */; };
		417912FF2640FD3600BDAD3C /* LogInAPI.swift in Sources */ = {isa = PBXBuildFile; fileRef = 417912FE2640FD3600BDAD3C /* LogInAPI.swift */; };
		417FD732264A61E0002AEDE8 /* UserTabView.swift in Sources */ = {isa = PBXBuildFile; fileRef = 417FD731264A61E0002AEDE8 /* UserTabView.swift */; };
		417FD735264A6761002AEDE8 /* ScanningView.swift in Sources */ = {isa = PBXBuildFile; fileRef = 417FD734264A6761002AEDE8 /* ScanningView.swift */; };
		417FD737264A6803002AEDE8 /* ScanningViewModel.swift in Sources */ = {isa = PBXBuildFile; fileRef = 417FD736264A6803002AEDE8 /* ScanningViewModel.swift */; };
		419DE7692645044A00C54E69 /* QRCodeManager.swift in Sources */ = {isa = PBXBuildFile; fileRef = 419DE7682645044A00C54E69 /* QRCodeManager.swift */; };
		419DE77226450B7600C54E69 /* ShopStamp.swift in Sources */ = {isa = PBXBuildFile; fileRef = 419DE77126450B7600C54E69 /* ShopStamp.swift */; };
		41A0AC7E263FCAED00008542 /* SignUpView.swift in Sources */ = {isa = PBXBuildFile; fileRef = 41A0AC7D263FCAED00008542 /* SignUpView.swift */; };
		5F651EBD633F1394D00D2D7F /* Pods_Stamps_StampsUITests.framework in Frameworks */ = {isa = PBXBuildFile; fileRef = 530871E7FC561B92F63DD425 /* Pods_Stamps_StampsUITests.framework */; };
/* End PBXBuildFile section */

/* Begin PBXContainerItemProxy section */
		41249C28263BD38300BF3D2C /* PBXContainerItemProxy */ = {
			isa = PBXContainerItemProxy;
			containerPortal = 41249C0E263BD37E00BF3D2C /* Project object */;
			proxyType = 1;
			remoteGlobalIDString = 41249C15263BD37F00BF3D2C;
			remoteInfo = Stamps;
		};
		41249C33263BD38300BF3D2C /* PBXContainerItemProxy */ = {
			isa = PBXContainerItemProxy;
			containerPortal = 41249C0E263BD37E00BF3D2C /* Project object */;
			proxyType = 1;
			remoteGlobalIDString = 41249C15263BD37F00BF3D2C;
			remoteInfo = Stamps;
		};
/* End PBXContainerItemProxy section */

/* Begin PBXFileReference section */
		1D93B3D6E709BA086EE693DB /* Pods-Stamps-StampsUITests.debug.xcconfig */ = {isa = PBXFileReference; includeInIndex = 1; lastKnownFileType = text.xcconfig; name = "Pods-Stamps-StampsUITests.debug.xcconfig"; path = "Target Support Files/Pods-Stamps-StampsUITests/Pods-Stamps-StampsUITests.debug.xcconfig"; sourceTree = "<group>"; };
		23B7E3B8E7A8D1A5A92A9117 /* Pods-Stamps.debug.xcconfig */ = {isa = PBXFileReference; includeInIndex = 1; lastKnownFileType = text.xcconfig; name = "Pods-Stamps.debug.xcconfig"; path = "Target Support Files/Pods-Stamps/Pods-Stamps.debug.xcconfig"; sourceTree = "<group>"; };
		351CA57C26807C31006ABAC2 /* SettingsViewModel.swift */ = {isa = PBXFileReference; lastKnownFileType = sourcecode.swift; path = SettingsViewModel.swift; sourceTree = "<group>"; };
		351CA57E26807CBE006ABAC2 /* LogOutApi.swift */ = {isa = PBXFileReference; lastKnownFileType = sourcecode.swift; path = LogOutApi.swift; sourceTree = "<group>"; };
		351CA581268080EB006ABAC2 /* SettingsView.swift */ = {isa = PBXFileReference; lastKnownFileType = sourcecode.swift; path = SettingsView.swift; sourceTree = "<group>"; };
		352288442650BFAE00BD1DFD /* CardListview.swift */ = {isa = PBXFileReference; lastKnownFileType = sourcecode.swift; path = CardListview.swift; sourceTree = "<group>"; };
		352288462650BFC500BD1DFD /* CardListViewModel.swift */ = {isa = PBXFileReference; lastKnownFileType = sourcecode.swift; path = CardListViewModel.swift; sourceTree = "<group>"; };
		357AAA6926A2577E00C403D7 /* SignUpUnitTests.swift */ = {isa = PBXFileReference; lastKnownFileType = sourcecode.swift; path = SignUpUnitTests.swift; sourceTree = "<group>"; };
		3584F9CF2661AA5900146AC3 /* StampsAPI.swift */ = {isa = PBXFileReference; lastKnownFileType = sourcecode.swift; path = StampsAPI.swift; sourceTree = "<group>"; };
		35874BF52678897000B58D4C /* Icon.swift */ = {isa = PBXFileReference; lastKnownFileType = sourcecode.swift; path = Icon.swift; sourceTree = "<group>"; };
		3596620A2653DA6E003D3323 /* QRCodeScanningView.swift */ = {isa = PBXFileReference; lastKnownFileType = sourcecode.swift; path = QRCodeScanningView.swift; sourceTree = "<group>"; };
		3596620C2653E10C003D3323 /* QRCodeScanningViewSwiftUI.swift */ = {isa = PBXFileReference; lastKnownFileType = sourcecode.swift; path = QRCodeScanningViewSwiftUI.swift; sourceTree = "<group>"; };
		35CEA0F9265BB44500FFF9DE /* GoogleService-Info.plist */ = {isa = PBXFileReference; fileEncoding = 4; lastKnownFileType = text.plist.xml; name = "GoogleService-Info.plist"; path = "../../../../Downloads/GoogleService-Info.plist"; sourceTree = "<group>"; };
		35FB33FC264F450300CCB847 /* ReduxStore.swift */ = {isa = PBXFileReference; lastKnownFileType = sourcecode.swift; path = ReduxStore.swift; sourceTree = "<group>"; };
		35FB33FE264F45FF00CCB847 /* CardData.swift */ = {isa = PBXFileReference; lastKnownFileType = sourcecode.swift; path = CardData.swift; sourceTree = "<group>"; };
		41249C16263BD37F00BF3D2C /* Stamps.app */ = {isa = PBXFileReference; explicitFileType = wrapper.application; includeInIndex = 0; path = Stamps.app; sourceTree = BUILT_PRODUCTS_DIR; };
		41249C19263BD37F00BF3D2C /* StampsApp.swift */ = {isa = PBXFileReference; lastKnownFileType = sourcecode.swift; path = StampsApp.swift; sourceTree = "<group>"; };
		41249C1B263BD37F00BF3D2C /* LogInView.swift */ = {isa = PBXFileReference; lastKnownFileType = sourcecode.swift; path = LogInView.swift; sourceTree = "<group>"; };
		41249C20263BD38200BF3D2C /* Preview Assets.xcassets */ = {isa = PBXFileReference; lastKnownFileType = folder.assetcatalog; path = "Preview Assets.xcassets"; sourceTree = "<group>"; };
		41249C22263BD38200BF3D2C /* Info.plist */ = {isa = PBXFileReference; lastKnownFileType = text.plist.xml; path = Info.plist; sourceTree = "<group>"; };
		41249C27263BD38300BF3D2C /* StampsTests.xctest */ = {isa = PBXFileReference; explicitFileType = wrapper.cfbundle; includeInIndex = 0; path = StampsTests.xctest; sourceTree = BUILT_PRODUCTS_DIR; };
		41249C2B263BD38300BF3D2C /* StampsTests.swift */ = {isa = PBXFileReference; lastKnownFileType = sourcecode.swift; path = StampsTests.swift; sourceTree = "<group>"; };
		41249C2D263BD38300BF3D2C /* Info.plist */ = {isa = PBXFileReference; lastKnownFileType = text.plist.xml; path = Info.plist; sourceTree = "<group>"; };
		41249C32263BD38300BF3D2C /* StampsUITests.xctest */ = {isa = PBXFileReference; explicitFileType = wrapper.cfbundle; includeInIndex = 0; path = StampsUITests.xctest; sourceTree = BUILT_PRODUCTS_DIR; };
		41249C36263BD38300BF3D2C /* StampsUITests.swift */ = {isa = PBXFileReference; lastKnownFileType = sourcecode.swift; path = StampsUITests.swift; sourceTree = "<group>"; };
		41249C38263BD38300BF3D2C /* Info.plist */ = {isa = PBXFileReference; lastKnownFileType = text.plist.xml; path = Info.plist; sourceTree = "<group>"; };
		41249C4C263BD47000BF3D2C /* LogInViewModel.swift */ = {isa = PBXFileReference; lastKnownFileType = sourcecode.swift; path = LogInViewModel.swift; sourceTree = "<group>"; };
		41249C51263BD49000BF3D2C /* LogInUinitTests.swift */ = {isa = PBXFileReference; lastKnownFileType = sourcecode.swift; path = LogInUinitTests.swift; sourceTree = "<group>"; };
		41249C62263BD52200BF3D2C /* LogInUITests.swift */ = {isa = PBXFileReference; lastKnownFileType = sourcecode.swift; path = LogInUITests.swift; sourceTree = "<group>"; };
		41249C6B263BD5D200BF3D2C /* CardViewModel.swift */ = {isa = PBXFileReference; lastKnownFileType = sourcecode.swift; path = CardViewModel.swift; sourceTree = "<group>"; };
		41249C71263BD60E00BF3D2C /* CustomerStampUITests.swift */ = {isa = PBXFileReference; lastKnownFileType = sourcecode.swift; path = CustomerStampUITests.swift; sourceTree = "<group>"; };
		41249C79263BD63500BF3D2C /* CustomerStampUnittests.swift */ = {isa = PBXFileReference; lastKnownFileType = sourcecode.swift; path = CustomerStampUnittests.swift; sourceTree = "<group>"; };
		41249C81263BD68B00BF3D2C /* CardView.swift */ = {isa = PBXFileReference; lastKnownFileType = sourcecode.swift; path = CardView.swift; sourceTree = "<group>"; };
		4143AA6E2643C8B200DCC6D7 /* SignUpViewModel.swift */ = {isa = PBXFileReference; lastKnownFileType = sourcecode.swift; path = SignUpViewModel.swift; sourceTree = "<group>"; };
		4143AA772643C9B900DCC6D7 /* CustomTextField.swift */ = {isa = PBXFileReference; lastKnownFileType = sourcecode.swift; path = CustomTextField.swift; sourceTree = "<group>"; };
		4143AA822643D9E800DCC6D7 /* Assets.xcassets */ = {isa = PBXFileReference; lastKnownFileType = folder.assetcatalog; path = Assets.xcassets; sourceTree = "<group>"; };
		417912832640A7F500BDAD3C /* Color.xcassets */ = {isa = PBXFileReference; lastKnownFileType = folder.assetcatalog; path = Color.xcassets; sourceTree = "<group>"; };
		417912882640ACCF00BDAD3C /* Color+Custom.swift */ = {isa = PBXFileReference; lastKnownFileType = sourcecode.swift; path = "Color+Custom.swift"; sourceTree = "<group>"; };
		417912FE2640FD3600BDAD3C /* LogInAPI.swift */ = {isa = PBXFileReference; lastKnownFileType = sourcecode.swift; path = LogInAPI.swift; sourceTree = "<group>"; };
		417FD731264A61E0002AEDE8 /* UserTabView.swift */ = {isa = PBXFileReference; lastKnownFileType = sourcecode.swift; path = UserTabView.swift; sourceTree = "<group>"; };
		417FD734264A6761002AEDE8 /* ScanningView.swift */ = {isa = PBXFileReference; lastKnownFileType = sourcecode.swift; path = ScanningView.swift; sourceTree = "<group>"; };
		417FD736264A6803002AEDE8 /* ScanningViewModel.swift */ = {isa = PBXFileReference; lastKnownFileType = sourcecode.swift; path = ScanningViewModel.swift; sourceTree = "<group>"; };
		419DE7682645044A00C54E69 /* QRCodeManager.swift */ = {isa = PBXFileReference; lastKnownFileType = sourcecode.swift; path = QRCodeManager.swift; sourceTree = "<group>"; };
		419DE77126450B7600C54E69 /* ShopStamp.swift */ = {isa = PBXFileReference; lastKnownFileType = sourcecode.swift; path = ShopStamp.swift; sourceTree = "<group>"; };
		41A0AC7D263FCAED00008542 /* SignUpView.swift */ = {isa = PBXFileReference; lastKnownFileType = sourcecode.swift; path = SignUpView.swift; sourceTree = "<group>"; };
		4A714EF59D30C4CA807F11F8 /* Pods_Stamps.framework */ = {isa = PBXFileReference; explicitFileType = wrapper.framework; includeInIndex = 0; path = Pods_Stamps.framework; sourceTree = BUILT_PRODUCTS_DIR; };
		530871E7FC561B92F63DD425 /* Pods_Stamps_StampsUITests.framework */ = {isa = PBXFileReference; explicitFileType = wrapper.framework; includeInIndex = 0; path = Pods_Stamps_StampsUITests.framework; sourceTree = BUILT_PRODUCTS_DIR; };
		A6CA3A32C9194A3684D1D5F8 /* Pods_StampsTests.framework */ = {isa = PBXFileReference; explicitFileType = wrapper.framework; includeInIndex = 0; path = Pods_StampsTests.framework; sourceTree = BUILT_PRODUCTS_DIR; };
		CE87AC0C4F81F513D09C872F /* Pods-StampsTests.release.xcconfig */ = {isa = PBXFileReference; includeInIndex = 1; lastKnownFileType = text.xcconfig; name = "Pods-StampsTests.release.xcconfig"; path = "Target Support Files/Pods-StampsTests/Pods-StampsTests.release.xcconfig"; sourceTree = "<group>"; };
		D7318A3D58DB52194275F276 /* Pods-Stamps-StampsUITests.release.xcconfig */ = {isa = PBXFileReference; includeInIndex = 1; lastKnownFileType = text.xcconfig; name = "Pods-Stamps-StampsUITests.release.xcconfig"; path = "Target Support Files/Pods-Stamps-StampsUITests/Pods-Stamps-StampsUITests.release.xcconfig"; sourceTree = "<group>"; };
		E4A39026904248532EC1D9F8 /* Pods-Stamps.release.xcconfig */ = {isa = PBXFileReference; includeInIndex = 1; lastKnownFileType = text.xcconfig; name = "Pods-Stamps.release.xcconfig"; path = "Target Support Files/Pods-Stamps/Pods-Stamps.release.xcconfig"; sourceTree = "<group>"; };
		FC07AB52575020D7C6D07188 /* Pods-StampsTests.debug.xcconfig */ = {isa = PBXFileReference; includeInIndex = 1; lastKnownFileType = text.xcconfig; name = "Pods-StampsTests.debug.xcconfig"; path = "Target Support Files/Pods-StampsTests/Pods-StampsTests.debug.xcconfig"; sourceTree = "<group>"; };
/* End PBXFileReference section */

/* Begin PBXFrameworksBuildPhase section */
		41249C13263BD37F00BF3D2C /* Frameworks */ = {
			isa = PBXFrameworksBuildPhase;
			buildActionMask = 2147483647;
			files = (
				10C064E4137D08C52D67744C /* Pods_Stamps.framework in Frameworks */,
			);
			runOnlyForDeploymentPostprocessing = 0;
		};
		41249C24263BD38300BF3D2C /* Frameworks */ = {
			isa = PBXFrameworksBuildPhase;
			buildActionMask = 2147483647;
			files = (
				16EB5BA384F43E596D04925A /* Pods_StampsTests.framework in Frameworks */,
			);
			runOnlyForDeploymentPostprocessing = 0;
		};
		41249C2F263BD38300BF3D2C /* Frameworks */ = {
			isa = PBXFrameworksBuildPhase;
			buildActionMask = 2147483647;
			files = (
				5F651EBD633F1394D00D2D7F /* Pods_Stamps_StampsUITests.framework in Frameworks */,
			);
			runOnlyForDeploymentPostprocessing = 0;
		};
/* End PBXFrameworksBuildPhase section */

/* Begin PBXGroup section */
		351CA580268080CD006ABAC2 /* Settings */ = {
			isa = PBXGroup;
			children = (
				351CA581268080EB006ABAC2 /* SettingsView.swift */,
				351CA57C26807C31006ABAC2 /* SettingsViewModel.swift */,
			);
			path = Settings;
			sourceTree = "<group>";
		};
		352288422650BF7F00BD1DFD /* CardView */ = {
			isa = PBXGroup;
			children = (
				41249C70263BD5DF00BF3D2C /* tests */,
				41249C6B263BD5D200BF3D2C /* CardViewModel.swift */,
				41249C81263BD68B00BF3D2C /* CardView.swift */,
			);
			path = CardView;
			sourceTree = "<group>";
		};
		352288432650BF9400BD1DFD /* Cards list */ = {
			isa = PBXGroup;
			children = (
				352288442650BFAE00BD1DFD /* CardListview.swift */,
				352288462650BFC500BD1DFD /* CardListViewModel.swift */,
			);
			path = "Cards list";
			sourceTree = "<group>";
		};
		357AAA6826A2573500C403D7 /* tests */ = {
			isa = PBXGroup;
			children = (
				357AAA6926A2577E00C403D7 /* SignUpUnitTests.swift */,
			);
			path = tests;
			sourceTree = "<group>";
		};
		35FB33FB264F44ED00CCB847 /* Store */ = {
			isa = PBXGroup;
			children = (
				35FB33FC264F450300CCB847 /* ReduxStore.swift */,
				35FB33FE264F45FF00CCB847 /* CardData.swift */,
			);
			path = Store;
			sourceTree = "<group>";
		};
		41249C0D263BD37E00BF3D2C = {
			isa = PBXGroup;
			children = (
				41249C18263BD37F00BF3D2C /* Stamps */,
				41249C2A263BD38300BF3D2C /* StampsTests */,
				41249C35263BD38300BF3D2C /* StampsUITests */,
				41249C17263BD37F00BF3D2C /* Products */,
				F48C8343576AA4ECD1973B73 /* Pods */,
				FF5B7FA70FEE60047E2E9ADC /* Frameworks */,
			);
			sourceTree = "<group>";
		};
		41249C17263BD37F00BF3D2C /* Products */ = {
			isa = PBXGroup;
			children = (
				41249C16263BD37F00BF3D2C /* Stamps.app */,
				41249C27263BD38300BF3D2C /* StampsTests.xctest */,
				41249C32263BD38300BF3D2C /* StampsUITests.xctest */,
			);
			name = Products;
			sourceTree = "<group>";
		};
		41249C18263BD37F00BF3D2C /* Stamps */ = {
			isa = PBXGroup;
			children = (
				351CA580268080CD006ABAC2 /* Settings */,
				35FB33FB264F44ED00CCB847 /* Store */,
				417FD733264A672A002AEDE8 /* Scanning */,
				417FD730264A61BF002AEDE8 /* TabBarScreen */,
				419DE77026450B4D00C54E69 /* ShopStamps */,
				419DE7642645042300C54E69 /* Utils */,
				4143AA762643C99F00DCC6D7 /* Components */,
				4143AA6D2643C87800DCC6D7 /* Sing up */,
				417912F72640FCF000BDAD3C /* NetworkLayer */,
				417912822640A7A900BDAD3C /* Assets */,
				41249C6A263BD57700BF3D2C /* Stamp cards */,
				41249C48263BD41700BF3D2C /* Login */,
				41249C19263BD37F00BF3D2C /* StampsApp.swift */,
				41249C22263BD38200BF3D2C /* Info.plist */,
				35CEA0F9265BB44500FFF9DE /* GoogleService-Info.plist */,
				41249C1F263BD38200BF3D2C /* Preview Content */,
			);
			path = Stamps;
			sourceTree = "<group>";
		};
		41249C1F263BD38200BF3D2C /* Preview Content */ = {
			isa = PBXGroup;
			children = (
				41249C20263BD38200BF3D2C /* Preview Assets.xcassets */,
			);
			path = "Preview Content";
			sourceTree = "<group>";
		};
		41249C2A263BD38300BF3D2C /* StampsTests */ = {
			isa = PBXGroup;
			children = (
				41249C2B263BD38300BF3D2C /* StampsTests.swift */,
				41249C2D263BD38300BF3D2C /* Info.plist */,
			);
			path = StampsTests;
			sourceTree = "<group>";
		};
		41249C35263BD38300BF3D2C /* StampsUITests */ = {
			isa = PBXGroup;
			children = (
				41249C36263BD38300BF3D2C /* StampsUITests.swift */,
				41249C38263BD38300BF3D2C /* Info.plist */,
			);
			path = StampsUITests;
			sourceTree = "<group>";
		};
		41249C48263BD41700BF3D2C /* Login */ = {
			isa = PBXGroup;
			children = (
				41249C56263BD49C00BF3D2C /* tests */,
				41249C1B263BD37F00BF3D2C /* LogInView.swift */,
				41249C4C263BD47000BF3D2C /* LogInViewModel.swift */,
			);
			path = Login;
			sourceTree = "<group>";
		};
		41249C56263BD49C00BF3D2C /* tests */ = {
			isa = PBXGroup;
			children = (
				41249C51263BD49000BF3D2C /* LogInUinitTests.swift */,
				41249C62263BD52200BF3D2C /* LogInUITests.swift */,
			);
			path = tests;
			sourceTree = "<group>";
		};
		41249C6A263BD57700BF3D2C /* Stamp cards */ = {
			isa = PBXGroup;
			children = (
				352288432650BF9400BD1DFD /* Cards list */,
				352288422650BF7F00BD1DFD /* CardView */,
			);
			path = "Stamp cards";
			sourceTree = "<group>";
		};
		41249C70263BD5DF00BF3D2C /* tests */ = {
			isa = PBXGroup;
			children = (
				41249C71263BD60E00BF3D2C /* CustomerStampUITests.swift */,
				41249C79263BD63500BF3D2C /* CustomerStampUnittests.swift */,
			);
			path = tests;
			sourceTree = "<group>";
		};
		4143AA6D2643C87800DCC6D7 /* Sing up */ = {
			isa = PBXGroup;
			children = (
				357AAA6826A2573500C403D7 /* tests */,
				41A0AC7D263FCAED00008542 /* SignUpView.swift */,
				4143AA6E2643C8B200DCC6D7 /* SignUpViewModel.swift */,
			);
			path = "Sing up";
			sourceTree = "<group>";
		};
		4143AA762643C99F00DCC6D7 /* Components */ = {
			isa = PBXGroup;
			children = (
				4143AA772643C9B900DCC6D7 /* CustomTextField.swift */,
			);
			path = Components;
			sourceTree = "<group>";
		};
		417912822640A7A900BDAD3C /* Assets */ = {
			isa = PBXGroup;
			children = (
				4143AA822643D9E800DCC6D7 /* Assets.xcassets */,
				417912832640A7F500BDAD3C /* Color.xcassets */,
				417912882640ACCF00BDAD3C /* Color+Custom.swift */,
				35874BF52678897000B58D4C /* Icon.swift */,
			);
			path = Assets;
			sourceTree = "<group>";
		};
		417912F72640FCF000BDAD3C /* NetworkLayer */ = {
			isa = PBXGroup;
			children = (
				417912FE2640FD3600BDAD3C /* LogInAPI.swift */,
				3584F9CF2661AA5900146AC3 /* StampsAPI.swift */,
				351CA57E26807CBE006ABAC2 /* LogOutApi.swift */,
			);
			path = NetworkLayer;
			sourceTree = "<group>";
		};
		417FD730264A61BF002AEDE8 /* TabBarScreen */ = {
			isa = PBXGroup;
			children = (
				417FD731264A61E0002AEDE8 /* UserTabView.swift */,
			);
			path = TabBarScreen;
			sourceTree = "<group>";
		};
		417FD733264A672A002AEDE8 /* Scanning */ = {
			isa = PBXGroup;
			children = (
				417FD734264A6761002AEDE8 /* ScanningView.swift */,
				417FD736264A6803002AEDE8 /* ScanningViewModel.swift */,
				3596620A2653DA6E003D3323 /* QRCodeScanningView.swift */,
				3596620C2653E10C003D3323 /* QRCodeScanningViewSwiftUI.swift */,
			);
			path = Scanning;
			sourceTree = "<group>";
		};
		419DE7642645042300C54E69 /* Utils */ = {
			isa = PBXGroup;
			children = (
				419DE7682645044A00C54E69 /* QRCodeManager.swift */,
			);
			path = Utils;
			sourceTree = "<group>";
		};
		419DE77026450B4D00C54E69 /* ShopStamps */ = {
			isa = PBXGroup;
			children = (
				419DE77126450B7600C54E69 /* ShopStamp.swift */,
			);
			path = ShopStamps;
			sourceTree = "<group>";
		};
		F48C8343576AA4ECD1973B73 /* Pods */ = {
			isa = PBXGroup;
			children = (
				23B7E3B8E7A8D1A5A92A9117 /* Pods-Stamps.debug.xcconfig */,
				E4A39026904248532EC1D9F8 /* Pods-Stamps.release.xcconfig */,
				1D93B3D6E709BA086EE693DB /* Pods-Stamps-StampsUITests.debug.xcconfig */,
				D7318A3D58DB52194275F276 /* Pods-Stamps-StampsUITests.release.xcconfig */,
				FC07AB52575020D7C6D07188 /* Pods-StampsTests.debug.xcconfig */,
				CE87AC0C4F81F513D09C872F /* Pods-StampsTests.release.xcconfig */,
			);
			path = Pods;
			sourceTree = "<group>";
		};
		FF5B7FA70FEE60047E2E9ADC /* Frameworks */ = {
			isa = PBXGroup;
			children = (
				4A714EF59D30C4CA807F11F8 /* Pods_Stamps.framework */,
				530871E7FC561B92F63DD425 /* Pods_Stamps_StampsUITests.framework */,
				A6CA3A32C9194A3684D1D5F8 /* Pods_StampsTests.framework */,
			);
			name = Frameworks;
			sourceTree = "<group>";
		};
/* End PBXGroup section */

/* Begin PBXNativeTarget section */
		41249C15263BD37F00BF3D2C /* Stamps */ = {
			isa = PBXNativeTarget;
			buildConfigurationList = 41249C3B263BD38300BF3D2C /* Build configuration list for PBXNativeTarget "Stamps" */;
			buildPhases = (
				77A2827F58779853DA5A23AA /* [CP] Check Pods Manifest.lock */,
				41249C12263BD37F00BF3D2C /* Sources */,
				41249C13263BD37F00BF3D2C /* Frameworks */,
				41249C14263BD37F00BF3D2C /* Resources */,
				19AC23439B1E30C1E11D7B0A /* [CP] Embed Pods Frameworks */,
			);
			buildRules = (
			);
			dependencies = (
			);
			name = Stamps;
			productName = Stamps;
			productReference = 41249C16263BD37F00BF3D2C /* Stamps.app */;
			productType = "com.apple.product-type.application";
		};
		41249C26263BD38300BF3D2C /* StampsTests */ = {
			isa = PBXNativeTarget;
			buildConfigurationList = 41249C3E263BD38300BF3D2C /* Build configuration list for PBXNativeTarget "StampsTests" */;
			buildPhases = (
				83D79B2368AF5BC4B2E308FB /* [CP] Check Pods Manifest.lock */,
				41249C23263BD38300BF3D2C /* Sources */,
				41249C24263BD38300BF3D2C /* Frameworks */,
				41249C25263BD38300BF3D2C /* Resources */,
			);
			buildRules = (
			);
			dependencies = (
				41249C29263BD38300BF3D2C /* PBXTargetDependency */,
			);
			name = StampsTests;
			productName = StampsTests;
			productReference = 41249C27263BD38300BF3D2C /* StampsTests.xctest */;
			productType = "com.apple.product-type.bundle.unit-test";
		};
		41249C31263BD38300BF3D2C /* StampsUITests */ = {
			isa = PBXNativeTarget;
			buildConfigurationList = 41249C41263BD38300BF3D2C /* Build configuration list for PBXNativeTarget "StampsUITests" */;
			buildPhases = (
				97E305762BDD2093D12A104D /* [CP] Check Pods Manifest.lock */,
				41249C2E263BD38300BF3D2C /* Sources */,
				41249C2F263BD38300BF3D2C /* Frameworks */,
				41249C30263BD38300BF3D2C /* Resources */,
				D96473EA34068A007B46C6FC /* [CP] Embed Pods Frameworks */,
			);
			buildRules = (
			);
			dependencies = (
				41249C34263BD38300BF3D2C /* PBXTargetDependency */,
			);
			name = StampsUITests;
			productName = StampsUITests;
			productReference = 41249C32263BD38300BF3D2C /* StampsUITests.xctest */;
			productType = "com.apple.product-type.bundle.ui-testing";
		};
/* End PBXNativeTarget section */

/* Begin PBXProject section */
		41249C0E263BD37E00BF3D2C /* Project object */ = {
			isa = PBXProject;
			attributes = {
				LastSwiftUpdateCheck = 1240;
				LastUpgradeCheck = 1240;
				TargetAttributes = {
					41249C15263BD37F00BF3D2C = {
						CreatedOnToolsVersion = 12.4;
					};
					41249C26263BD38300BF3D2C = {
						CreatedOnToolsVersion = 12.4;
						TestTargetID = 41249C15263BD37F00BF3D2C;
					};
					41249C31263BD38300BF3D2C = {
						CreatedOnToolsVersion = 12.4;
						TestTargetID = 41249C15263BD37F00BF3D2C;
					};
				};
			};
			buildConfigurationList = 41249C11263BD37E00BF3D2C /* Build configuration list for PBXProject "Stamps" */;
			compatibilityVersion = "Xcode 9.3";
			developmentRegion = en;
			hasScannedForEncodings = 0;
			knownRegions = (
				en,
				Base,
			);
			mainGroup = 41249C0D263BD37E00BF3D2C;
			productRefGroup = 41249C17263BD37F00BF3D2C /* Products */;
			projectDirPath = "";
			projectRoot = "";
			targets = (
				41249C15263BD37F00BF3D2C /* Stamps */,
				41249C26263BD38300BF3D2C /* StampsTests */,
				41249C31263BD38300BF3D2C /* StampsUITests */,
			);
		};
/* End PBXProject section */

/* Begin PBXResourcesBuildPhase section */
		41249C14263BD37F00BF3D2C /* Resources */ = {
			isa = PBXResourcesBuildPhase;
			buildActionMask = 2147483647;
			files = (
				41249C21263BD38200BF3D2C /* Preview Assets.xcassets in Resources */,
				35CEA0FA265BB44500FFF9DE /* GoogleService-Info.plist in Resources */,
				4143AA832643D9E800DCC6D7 /* Assets.xcassets in Resources */,
				417912842640A7F500BDAD3C /* Color.xcassets in Resources */,
			);
			runOnlyForDeploymentPostprocessing = 0;
		};
		41249C25263BD38300BF3D2C /* Resources */ = {
			isa = PBXResourcesBuildPhase;
			buildActionMask = 2147483647;
			files = (
			);
			runOnlyForDeploymentPostprocessing = 0;
		};
		41249C30263BD38300BF3D2C /* Resources */ = {
			isa = PBXResourcesBuildPhase;
			buildActionMask = 2147483647;
			files = (
			);
			runOnlyForDeploymentPostprocessing = 0;
		};
/* End PBXResourcesBuildPhase section */

/* Begin PBXShellScriptBuildPhase section */
		19AC23439B1E30C1E11D7B0A /* [CP] Embed Pods Frameworks */ = {
			isa = PBXShellScriptBuildPhase;
			buildActionMask = 2147483647;
			files = (
			);
			inputFileListPaths = (
				"${PODS_ROOT}/Target Support Files/Pods-Stamps/Pods-Stamps-frameworks-${CONFIGURATION}-input-files.xcfilelist",
			);
			name = "[CP] Embed Pods Frameworks";
			outputFileListPaths = (
				"${PODS_ROOT}/Target Support Files/Pods-Stamps/Pods-Stamps-frameworks-${CONFIGURATION}-output-files.xcfilelist",
			);
			runOnlyForDeploymentPostprocessing = 0;
			shellPath = /bin/sh;
			shellScript = "\"${PODS_ROOT}/Target Support Files/Pods-Stamps/Pods-Stamps-frameworks.sh\"\n";
			showEnvVarsInLog = 0;
		};
		77A2827F58779853DA5A23AA /* [CP] Check Pods Manifest.lock */ = {
			isa = PBXShellScriptBuildPhase;
			buildActionMask = 2147483647;
			files = (
			);
			inputFileListPaths = (
			);
			inputPaths = (
				"${PODS_PODFILE_DIR_PATH}/Podfile.lock",
				"${PODS_ROOT}/Manifest.lock",
			);
			name = "[CP] Check Pods Manifest.lock";
			outputFileListPaths = (
			);
			outputPaths = (
				"$(DERIVED_FILE_DIR)/Pods-Stamps-checkManifestLockResult.txt",
			);
			runOnlyForDeploymentPostprocessing = 0;
			shellPath = /bin/sh;
			shellScript = "diff \"${PODS_PODFILE_DIR_PATH}/Podfile.lock\" \"${PODS_ROOT}/Manifest.lock\" > /dev/null\nif [ $? != 0 ] ; then\n    # print error to STDERR\n    echo \"error: The sandbox is not in sync with the Podfile.lock. Run 'pod install' or update your CocoaPods installation.\" >&2\n    exit 1\nfi\n# This output is used by Xcode 'outputs' to avoid re-running this script phase.\necho \"SUCCESS\" > \"${SCRIPT_OUTPUT_FILE_0}\"\n";
			showEnvVarsInLog = 0;
		};
		83D79B2368AF5BC4B2E308FB /* [CP] Check Pods Manifest.lock */ = {
			isa = PBXShellScriptBuildPhase;
			buildActionMask = 2147483647;
			files = (
			);
			inputFileListPaths = (
			);
			inputPaths = (
				"${PODS_PODFILE_DIR_PATH}/Podfile.lock",
				"${PODS_ROOT}/Manifest.lock",
			);
			name = "[CP] Check Pods Manifest.lock";
			outputFileListPaths = (
			);
			outputPaths = (
				"$(DERIVED_FILE_DIR)/Pods-StampsTests-checkManifestLockResult.txt",
			);
			runOnlyForDeploymentPostprocessing = 0;
			shellPath = /bin/sh;
			shellScript = "diff \"${PODS_PODFILE_DIR_PATH}/Podfile.lock\" \"${PODS_ROOT}/Manifest.lock\" > /dev/null\nif [ $? != 0 ] ; then\n    # print error to STDERR\n    echo \"error: The sandbox is not in sync with the Podfile.lock. Run 'pod install' or update your CocoaPods installation.\" >&2\n    exit 1\nfi\n# This output is used by Xcode 'outputs' to avoid re-running this script phase.\necho \"SUCCESS\" > \"${SCRIPT_OUTPUT_FILE_0}\"\n";
			showEnvVarsInLog = 0;
		};
		97E305762BDD2093D12A104D /* [CP] Check Pods Manifest.lock */ = {
			isa = PBXShellScriptBuildPhase;
			buildActionMask = 2147483647;
			files = (
			);
			inputFileListPaths = (
			);
			inputPaths = (
				"${PODS_PODFILE_DIR_PATH}/Podfile.lock",
				"${PODS_ROOT}/Manifest.lock",
			);
			name = "[CP] Check Pods Manifest.lock";
			outputFileListPaths = (
			);
			outputPaths = (
				"$(DERIVED_FILE_DIR)/Pods-Stamps-StampsUITests-checkManifestLockResult.txt",
			);
			runOnlyForDeploymentPostprocessing = 0;
			shellPath = /bin/sh;
			shellScript = "diff \"${PODS_PODFILE_DIR_PATH}/Podfile.lock\" \"${PODS_ROOT}/Manifest.lock\" > /dev/null\nif [ $? != 0 ] ; then\n    # print error to STDERR\n    echo \"error: The sandbox is not in sync with the Podfile.lock. Run 'pod install' or update your CocoaPods installation.\" >&2\n    exit 1\nfi\n# This output is used by Xcode 'outputs' to avoid re-running this script phase.\necho \"SUCCESS\" > \"${SCRIPT_OUTPUT_FILE_0}\"\n";
			showEnvVarsInLog = 0;
		};
		D96473EA34068A007B46C6FC /* [CP] Embed Pods Frameworks */ = {
			isa = PBXShellScriptBuildPhase;
			buildActionMask = 2147483647;
			files = (
			);
			inputFileListPaths = (
				"${PODS_ROOT}/Target Support Files/Pods-Stamps-StampsUITests/Pods-Stamps-StampsUITests-frameworks-${CONFIGURATION}-input-files.xcfilelist",
			);
			name = "[CP] Embed Pods Frameworks";
			outputFileListPaths = (
				"${PODS_ROOT}/Target Support Files/Pods-Stamps-StampsUITests/Pods-Stamps-StampsUITests-frameworks-${CONFIGURATION}-output-files.xcfilelist",
			);
			runOnlyForDeploymentPostprocessing = 0;
			shellPath = /bin/sh;
			shellScript = "\"${PODS_ROOT}/Target Support Files/Pods-Stamps-StampsUITests/Pods-Stamps-StampsUITests-frameworks.sh\"\n";
			showEnvVarsInLog = 0;
		};
/* End PBXShellScriptBuildPhase section */

/* Begin PBXSourcesBuildPhase section */
		41249C12263BD37F00BF3D2C /* Sources */ = {
			isa = PBXSourcesBuildPhase;
			buildActionMask = 2147483647;
			files = (
				351CA57F26807CBE006ABAC2 /* LogOutApi.swift in Sources */,
				417FD735264A6761002AEDE8 /* ScanningView.swift in Sources */,
				419DE77226450B7600C54E69 /* ShopStamp.swift in Sources */,
				352288472650BFC500BD1DFD /* CardListViewModel.swift in Sources */,
				41249C6C263BD5D200BF3D2C /* CardViewModel.swift in Sources */,
				35874BF62678897000B58D4C /* Icon.swift in Sources */,
				417FD732264A61E0002AEDE8 /* UserTabView.swift in Sources */,
				4143AA782643C9B900DCC6D7 /* CustomTextField.swift in Sources */,
				3596620B2653DA6E003D3323 /* QRCodeScanningView.swift in Sources */,
				417912892640ACCF00BDAD3C /* Color+Custom.swift in Sources */,
				35FB33FD264F450300CCB847 /* ReduxStore.swift in Sources */,
				4143AA6F2643C8B200DCC6D7 /* SignUpViewModel.swift in Sources */,
				41249C1C263BD37F00BF3D2C /* LogInView.swift in Sources */,
				419DE7692645044A00C54E69 /* QRCodeManager.swift in Sources */,
				351CA57D26807C31006ABAC2 /* SettingsViewModel.swift in Sources */,
				3584F9D02661AA5900146AC3 /* StampsAPI.swift in Sources */,
				41249C4D263BD47000BF3D2C /* LogInViewModel.swift in Sources */,
				41249C1A263BD37F00BF3D2C /* StampsApp.swift in Sources */,
				352288452650BFAE00BD1DFD /* CardListview.swift in Sources */,
				3596620D2653E10C003D3323 /* QRCodeScanningViewSwiftUI.swift in Sources */,
				417912FF2640FD3600BDAD3C /* LogInAPI.swift in Sources */,
				35FB33FF264F45FF00CCB847 /* CardData.swift in Sources */,
				41A0AC7E263FCAED00008542 /* SignUpView.swift in Sources */,
				41249C82263BD68C00BF3D2C /* CardView.swift in Sources */,
				417FD737264A6803002AEDE8 /* ScanningViewModel.swift in Sources */,
				351CA582268080EB006ABAC2 /* SettingsView.swift in Sources */,
			);
			runOnlyForDeploymentPostprocessing = 0;
		};
		41249C23263BD38300BF3D2C /* Sources */ = {
			isa = PBXSourcesBuildPhase;
			buildActionMask = 2147483647;
			files = (
				41249C7A263BD63500BF3D2C /* CustomerStampUnittests.swift in Sources */,
				41249C2C263BD38300BF3D2C /* StampsTests.swift in Sources */,
				357AAA6A26A2577E00C403D7 /* SignUpUnitTests.swift in Sources */,
				41249C52263BD49000BF3D2C /* LogInUinitTests.swift in Sources */,
			);
			runOnlyForDeploymentPostprocessing = 0;
		};
		41249C2E263BD38300BF3D2C /* Sources */ = {
			isa = PBXSourcesBuildPhase;
			buildActionMask = 2147483647;
			files = (
				41249C37263BD38300BF3D2C /* StampsUITests.swift in Sources */,
				41249C63263BD52200BF3D2C /* LogInUITests.swift in Sources */,
				41249C72263BD60E00BF3D2C /* CustomerStampUITests.swift in Sources */,
			);
			runOnlyForDeploymentPostprocessing = 0;
		};
/* End PBXSourcesBuildPhase section */

/* Begin PBXTargetDependency section */
		41249C29263BD38300BF3D2C /* PBXTargetDependency */ = {
			isa = PBXTargetDependency;
			target = 41249C15263BD37F00BF3D2C /* Stamps */;
			targetProxy = 41249C28263BD38300BF3D2C /* PBXContainerItemProxy */;
		};
		41249C34263BD38300BF3D2C /* PBXTargetDependency */ = {
			isa = PBXTargetDependency;
			target = 41249C15263BD37F00BF3D2C /* Stamps */;
			targetProxy = 41249C33263BD38300BF3D2C /* PBXContainerItemProxy */;
		};
/* End PBXTargetDependency section */

/* Begin XCBuildConfiguration section */
		41249C39263BD38300BF3D2C /* Debug */ = {
			isa = XCBuildConfiguration;
			buildSettings = {
				ALWAYS_SEARCH_USER_PATHS = NO;
				CLANG_ANALYZER_NONNULL = YES;
				CLANG_ANALYZER_NUMBER_OBJECT_CONVERSION = YES_AGGRESSIVE;
				CLANG_CXX_LANGUAGE_STANDARD = "gnu++14";
				CLANG_CXX_LIBRARY = "libc++";
				CLANG_ENABLE_MODULES = YES;
				CLANG_ENABLE_OBJC_ARC = YES;
				CLANG_ENABLE_OBJC_WEAK = YES;
				CLANG_WARN_BLOCK_CAPTURE_AUTORELEASING = YES;
				CLANG_WARN_BOOL_CONVERSION = YES;
				CLANG_WARN_COMMA = YES;
				CLANG_WARN_CONSTANT_CONVERSION = YES;
				CLANG_WARN_DEPRECATED_OBJC_IMPLEMENTATIONS = YES;
				CLANG_WARN_DIRECT_OBJC_ISA_USAGE = YES_ERROR;
				CLANG_WARN_DOCUMENTATION_COMMENTS = YES;
				CLANG_WARN_EMPTY_BODY = YES;
				CLANG_WARN_ENUM_CONVERSION = YES;
				CLANG_WARN_INFINITE_RECURSION = YES;
				CLANG_WARN_INT_CONVERSION = YES;
				CLANG_WARN_NON_LITERAL_NULL_CONVERSION = YES;
				CLANG_WARN_OBJC_IMPLICIT_RETAIN_SELF = YES;
				CLANG_WARN_OBJC_LITERAL_CONVERSION = YES;
				CLANG_WARN_OBJC_ROOT_CLASS = YES_ERROR;
				CLANG_WARN_QUOTED_INCLUDE_IN_FRAMEWORK_HEADER = YES;
				CLANG_WARN_RANGE_LOOP_ANALYSIS = YES;
				CLANG_WARN_STRICT_PROTOTYPES = YES;
				CLANG_WARN_SUSPICIOUS_MOVE = YES;
				CLANG_WARN_UNGUARDED_AVAILABILITY = YES_AGGRESSIVE;
				CLANG_WARN_UNREACHABLE_CODE = YES;
				CLANG_WARN__DUPLICATE_METHOD_MATCH = YES;
				COPY_PHASE_STRIP = NO;
				DEBUG_INFORMATION_FORMAT = dwarf;
				ENABLE_STRICT_OBJC_MSGSEND = YES;
				ENABLE_TESTABILITY = YES;
				GCC_C_LANGUAGE_STANDARD = gnu11;
				GCC_DYNAMIC_NO_PIC = NO;
				GCC_NO_COMMON_BLOCKS = YES;
				GCC_OPTIMIZATION_LEVEL = 0;
				GCC_PREPROCESSOR_DEFINITIONS = (
					"DEBUG=1",
					"$(inherited)",
				);
				GCC_WARN_64_TO_32_BIT_CONVERSION = YES;
				GCC_WARN_ABOUT_RETURN_TYPE = YES_ERROR;
				GCC_WARN_UNDECLARED_SELECTOR = YES;
				GCC_WARN_UNINITIALIZED_AUTOS = YES_AGGRESSIVE;
				GCC_WARN_UNUSED_FUNCTION = YES;
				GCC_WARN_UNUSED_VARIABLE = YES;
				IPHONEOS_DEPLOYMENT_TARGET = 14.4;
				MTL_ENABLE_DEBUG_INFO = INCLUDE_SOURCE;
				MTL_FAST_MATH = YES;
				ONLY_ACTIVE_ARCH = YES;
				SDKROOT = iphoneos;
				SWIFT_ACTIVE_COMPILATION_CONDITIONS = DEBUG;
				SWIFT_OPTIMIZATION_LEVEL = "-Onone";
			};
			name = Debug;
		};
		41249C3A263BD38300BF3D2C /* Release */ = {
			isa = XCBuildConfiguration;
			buildSettings = {
				ALWAYS_SEARCH_USER_PATHS = NO;
				CLANG_ANALYZER_NONNULL = YES;
				CLANG_ANALYZER_NUMBER_OBJECT_CONVERSION = YES_AGGRESSIVE;
				CLANG_CXX_LANGUAGE_STANDARD = "gnu++14";
				CLANG_CXX_LIBRARY = "libc++";
				CLANG_ENABLE_MODULES = YES;
				CLANG_ENABLE_OBJC_ARC = YES;
				CLANG_ENABLE_OBJC_WEAK = YES;
				CLANG_WARN_BLOCK_CAPTURE_AUTORELEASING = YES;
				CLANG_WARN_BOOL_CONVERSION = YES;
				CLANG_WARN_COMMA = YES;
				CLANG_WARN_CONSTANT_CONVERSION = YES;
				CLANG_WARN_DEPRECATED_OBJC_IMPLEMENTATIONS = YES;
				CLANG_WARN_DIRECT_OBJC_ISA_USAGE = YES_ERROR;
				CLANG_WARN_DOCUMENTATION_COMMENTS = YES;
				CLANG_WARN_EMPTY_BODY = YES;
				CLANG_WARN_ENUM_CONVERSION = YES;
				CLANG_WARN_INFINITE_RECURSION = YES;
				CLANG_WARN_INT_CONVERSION = YES;
				CLANG_WARN_NON_LITERAL_NULL_CONVERSION = YES;
				CLANG_WARN_OBJC_IMPLICIT_RETAIN_SELF = YES;
				CLANG_WARN_OBJC_LITERAL_CONVERSION = YES;
				CLANG_WARN_OBJC_ROOT_CLASS = YES_ERROR;
				CLANG_WARN_QUOTED_INCLUDE_IN_FRAMEWORK_HEADER = YES;
				CLANG_WARN_RANGE_LOOP_ANALYSIS = YES;
				CLANG_WARN_STRICT_PROTOTYPES = YES;
				CLANG_WARN_SUSPICIOUS_MOVE = YES;
				CLANG_WARN_UNGUARDED_AVAILABILITY = YES_AGGRESSIVE;
				CLANG_WARN_UNREACHABLE_CODE = YES;
				CLANG_WARN__DUPLICATE_METHOD_MATCH = YES;
				COPY_PHASE_STRIP = NO;
				DEBUG_INFORMATION_FORMAT = "dwarf-with-dsym";
				ENABLE_NS_ASSERTIONS = NO;
				ENABLE_STRICT_OBJC_MSGSEND = YES;
				GCC_C_LANGUAGE_STANDARD = gnu11;
				GCC_NO_COMMON_BLOCKS = YES;
				GCC_WARN_64_TO_32_BIT_CONVERSION = YES;
				GCC_WARN_ABOUT_RETURN_TYPE = YES_ERROR;
				GCC_WARN_UNDECLARED_SELECTOR = YES;
				GCC_WARN_UNINITIALIZED_AUTOS = YES_AGGRESSIVE;
				GCC_WARN_UNUSED_FUNCTION = YES;
				GCC_WARN_UNUSED_VARIABLE = YES;
				IPHONEOS_DEPLOYMENT_TARGET = 14.4;
				MTL_ENABLE_DEBUG_INFO = NO;
				MTL_FAST_MATH = YES;
				SDKROOT = iphoneos;
				SWIFT_COMPILATION_MODE = wholemodule;
				SWIFT_OPTIMIZATION_LEVEL = "-O";
				VALIDATE_PRODUCT = YES;
			};
			name = Release;
		};
		41249C3C263BD38300BF3D2C /* Debug */ = {
			isa = XCBuildConfiguration;
			baseConfigurationReference = 23B7E3B8E7A8D1A5A92A9117 /* Pods-Stamps.debug.xcconfig */;
			buildSettings = {
				ASSETCATALOG_COMPILER_APPICON_NAME = AppIcon;
				ASSETCATALOG_COMPILER_GLOBAL_ACCENT_COLOR_NAME = AccentColor;
				CODE_SIGN_STYLE = Automatic;
				DEVELOPMENT_ASSET_PATHS = "\"Stamps/Preview Content\"";
				DEVELOPMENT_TEAM = 6K524MKAFK;
				ENABLE_PREVIEWS = YES;
				INFOPLIST_FILE = Stamps/Info.plist;
				IPHONEOS_DEPLOYMENT_TARGET = 14.0;
				LD_RUNPATH_SEARCH_PATHS = (
					"$(inherited)",
					"@executable_path/Frameworks",
				);
				PRODUCT_BUNDLE_IDENTIFIER = "-.StampsApp";
				PRODUCT_NAME = "$(TARGET_NAME)";
				SWIFT_VERSION = 5.0;
				TARGETED_DEVICE_FAMILY = "1,2";
			};
			name = Debug;
		};
		41249C3D263BD38300BF3D2C /* Release */ = {
			isa = XCBuildConfiguration;
			baseConfigurationReference = E4A39026904248532EC1D9F8 /* Pods-Stamps.release.xcconfig */;
			buildSettings = {
				ASSETCATALOG_COMPILER_APPICON_NAME = AppIcon;
				ASSETCATALOG_COMPILER_GLOBAL_ACCENT_COLOR_NAME = AccentColor;
				CODE_SIGN_STYLE = Automatic;
				DEVELOPMENT_ASSET_PATHS = "\"Stamps/Preview Content\"";
				DEVELOPMENT_TEAM = 6K524MKAFK;
				ENABLE_PREVIEWS = YES;
				INFOPLIST_FILE = Stamps/Info.plist;
				IPHONEOS_DEPLOYMENT_TARGET = 14.0;
				LD_RUNPATH_SEARCH_PATHS = (
					"$(inherited)",
					"@executable_path/Frameworks",
				);
				PRODUCT_BUNDLE_IDENTIFIER = "-.StampsApp";
				PRODUCT_NAME = "$(TARGET_NAME)";
				SWIFT_VERSION = 5.0;
				TARGETED_DEVICE_FAMILY = "1,2";
			};
			name = Release;
		};
		41249C3F263BD38300BF3D2C /* Debug */ = {
			isa = XCBuildConfiguration;
			baseConfigurationReference = FC07AB52575020D7C6D07188 /* Pods-StampsTests.debug.xcconfig */;
			buildSettings = {
				ALWAYS_EMBED_SWIFT_STANDARD_LIBRARIES = YES;
				BUNDLE_LOADER = "$(TEST_HOST)";
				CODE_SIGN_STYLE = Automatic;
				DEVELOPMENT_TEAM = 6K524MKAFK;
				INFOPLIST_FILE = StampsTests/Info.plist;
				IPHONEOS_DEPLOYMENT_TARGET = 14.0;
				LD_RUNPATH_SEARCH_PATHS = (
					"$(inherited)",
					"@executable_path/Frameworks",
					"@loader_path/Frameworks",
				);
				PRODUCT_BUNDLE_IDENTIFIER = "-.StampsTests";
				PRODUCT_NAME = "$(TARGET_NAME)";
				SWIFT_VERSION = 5.0;
				TARGETED_DEVICE_FAMILY = "1,2";
				TEST_HOST = "$(BUILT_PRODUCTS_DIR)/Stamps.app/Stamps";
			};
			name = Debug;
		};
		41249C40263BD38300BF3D2C /* Release */ = {
			isa = XCBuildConfiguration;
			baseConfigurationReference = CE87AC0C4F81F513D09C872F /* Pods-StampsTests.release.xcconfig */;
			buildSettings = {
				ALWAYS_EMBED_SWIFT_STANDARD_LIBRARIES = YES;
				BUNDLE_LOADER = "$(TEST_HOST)";
				CODE_SIGN_STYLE = Automatic;
				DEVELOPMENT_TEAM = 6K524MKAFK;
				INFOPLIST_FILE = StampsTests/Info.plist;
				IPHONEOS_DEPLOYMENT_TARGET = 14.0;
				LD_RUNPATH_SEARCH_PATHS = (
					"$(inherited)",
					"@executable_path/Frameworks",
					"@loader_path/Frameworks",
				);
				PRODUCT_BUNDLE_IDENTIFIER = "-.StampsTests";
				PRODUCT_NAME = "$(TARGET_NAME)";
				SWIFT_VERSION = 5.0;
				TARGETED_DEVICE_FAMILY = "1,2";
				TEST_HOST = "$(BUILT_PRODUCTS_DIR)/Stamps.app/Stamps";
			};
			name = Release;
		};
		41249C42263BD38300BF3D2C /* Debug */ = {
			isa = XCBuildConfiguration;
			baseConfigurationReference = 1D93B3D6E709BA086EE693DB /* Pods-Stamps-StampsUITests.debug.xcconfig */;
			buildSettings = {
				ALWAYS_EMBED_SWIFT_STANDARD_LIBRARIES = YES;
				CODE_SIGN_STYLE = Automatic;
				DEVELOPMENT_TEAM = 6K524MKAFK;
				INFOPLIST_FILE = StampsUITests/Info.plist;
				LD_RUNPATH_SEARCH_PATHS = (
					"$(inherited)",
					"@executable_path/Frameworks",
					"@loader_path/Frameworks",
				);
				PRODUCT_BUNDLE_IDENTIFIER = "-.StampsUITests";
				PRODUCT_NAME = "$(TARGET_NAME)";
				SWIFT_VERSION = 5.0;
				TARGETED_DEVICE_FAMILY = "1,2";
				TEST_TARGET_NAME = Stamps;
			};
			name = Debug;
		};
		41249C43263BD38300BF3D2C /* Release */ = {
			isa = XCBuildConfiguration;
			baseConfigurationReference = D7318A3D58DB52194275F276 /* Pods-Stamps-StampsUITests.release.xcconfig */;
			buildSettings = {
				ALWAYS_EMBED_SWIFT_STANDARD_LIBRARIES = YES;
				CODE_SIGN_STYLE = Automatic;
				DEVELOPMENT_TEAM = 6K524MKAFK;
				INFOPLIST_FILE = StampsUITests/Info.plist;
				LD_RUNPATH_SEARCH_PATHS = (
					"$(inherited)",
					"@executable_path/Frameworks",
					"@loader_path/Frameworks",
				);
				PRODUCT_BUNDLE_IDENTIFIER = "-.StampsUITests";
				PRODUCT_NAME = "$(TARGET_NAME)";
				SWIFT_VERSION = 5.0;
				TARGETED_DEVICE_FAMILY = "1,2";
				TEST_TARGET_NAME = Stamps;
			};
			name = Release;
		};
/* End XCBuildConfiguration section */

/* Begin XCConfigurationList section */
		41249C11263BD37E00BF3D2C /* Build configuration list for PBXProject "Stamps" */ = {
			isa = XCConfigurationList;
			buildConfigurations = (
				41249C39263BD38300BF3D2C /* Debug */,
				41249C3A263BD38300BF3D2C /* Release */,
			);
			defaultConfigurationIsVisible = 0;
			defaultConfigurationName = Release;
		};
		41249C3B263BD38300BF3D2C /* Build configuration list for PBXNativeTarget "Stamps" */ = {
			isa = XCConfigurationList;
			buildConfigurations = (
				41249C3C263BD38300BF3D2C /* Debug */,
				41249C3D263BD38300BF3D2C /* Release */,
			);
			defaultConfigurationIsVisible = 0;
			defaultConfigurationName = Release;
		};
		41249C3E263BD38300BF3D2C /* Build configuration list for PBXNativeTarget "StampsTests" */ = {
			isa = XCConfigurationList;
			buildConfigurations = (
				41249C3F263BD38300BF3D2C /* Debug */,
				41249C40263BD38300BF3D2C /* Release */,
			);
			defaultConfigurationIsVisible = 0;
			defaultConfigurationName = Release;
		};
		41249C41263BD38300BF3D2C /* Build configuration list for PBXNativeTarget "StampsUITests" */ = {
			isa = XCConfigurationList;
			buildConfigurations = (
				41249C42263BD38300BF3D2C /* Debug */,
				41249C43263BD38300BF3D2C /* Release */,
			);
			defaultConfigurationIsVisible = 0;
			defaultConfigurationName = Release;
		};
/* End XCConfigurationList section */
	};
	rootObject = 41249C0E263BD37E00BF3D2C /* Project object */;
}
